<?xml version="1.0" encoding="utf-8"?>
<Project ToolsVersion="4.0" xmlns="http://schemas.microsoft.com/developer/msbuild/2003">
  <ItemGroup>
    <Filter Include="Source Files">
      <UniqueIdentifier>{4FC737F1-C7A5-4376-A066-2A32D752A2FF}</UniqueIdentifier>
      <Extensions>cpp;c;cc;cxx;c++;cppm;ixx;def;odl;idl;hpj;bat;asm;asmx</Extensions>
    </Filter>
    <Filter Include="Header Files">
      <UniqueIdentifier>{93995380-89BD-4b04-88EB-625FBE52EBFB}</UniqueIdentifier>
      <Extensions>h;hh;hpp;hxx;h++;hm;inl;inc;ipp;xsd</Extensions>
    </Filter>
    <Filter Include="Resource Files">
      <UniqueIdentifier>{67DA6AB6-F800-4c08-8B7A-83BB121AAD01}</UniqueIdentifier>
      <Extensions>rc;ico;cur;bmp;dlg;rc2;rct;bin;rgs;gif;jpg;jpeg;jpe;resx;tiff;tif;png;wav;mfcribbon-ms</Extensions>
    </Filter>
    <Filter Include="Source Files\Headers">
      <UniqueIdentifier>{cbc62136-146d-48f4-9b6b-52d16c947609}</UniqueIdentifier>
    </Filter>
    <Filter Include="Source Files\AssetFiles">
      <UniqueIdentifier>{f04b8be9-b89b-47b6-bf08-dd67fc2033bc}</UniqueIdentifier>
    </Filter>
  </ItemGroup>
  <ItemGroup>
    <ClCompile Include="audio.cpp">
      <Filter>Source Files\AssetFiles</Filter>
    </ClCompile>
    <ClCompile Include="files.cpp">
      <Filter>Source Files\AssetFiles</Filter>
    </ClCompile>
    <ClCompile Include="filesShaders.cpp">
      <Filter>Source Files\AssetFiles</Filter>
    </ClCompile>
    <ClCompile Include="graphics.cpp">
      <Filter>Source Files\AssetFiles</Filter>
    </ClCompile>
    <ClCompile Include="KNearestNeighbors.cpp">
      <Filter>Source Files\AssetFiles</Filter>
    </ClCompile>
    <ClCompile Include="main.cpp">
      <Filter>Source Files\AssetFiles</Filter>
    </ClCompile>
    <ClCompile Include="matrices.cpp">
      <Filter>Source Files\AssetFiles</Filter>
    </ClCompile>
    <ClCompile Include="NaiveBayes.cpp">
      <Filter>Source Files\AssetFiles</Filter>
    </ClCompile>
    <ClCompile Include="NeuralNetwork.cpp">
      <Filter>Source Files\AssetFiles</Filter>
    </ClCompile>
    <ClCompile Include="notation.cpp">
      <Filter>Source Files\AssetFiles</Filter>
    </ClCompile>
    <ClCompile Include="tabs.cpp">
      <Filter>Source Files\AssetFiles</Filter>
    </ClCompile>
    <ClCompile Include="MainProject.cpp">
      <Filter>Source Files</Filter>
    </ClCompile>
    <ClCompile Include="interface.cpp">
      <Filter>Source Files\AssetFiles</Filter>
    </ClCompile>
    <ClCompile Include="texture.cpp">
      <Filter>Source Files\AssetFiles</Filter>
    </ClCompile>
  </ItemGroup>
  <ItemGroup>
    <ClInclude Include="Headers\audio.h">
      <Filter>Source Files\Headers</Filter>
    </ClInclude>
    <ClInclude Include="Headers\minimp3.h">
      <Filter>Source Files\Headers</Filter>
    </ClInclude>
    <ClInclude Include="Headers\minimp3_ex.h">
      <Filter>Source Files\Headers</Filter>
    </ClInclude>
    <ClInclude Include="Headers\NeuralNetwork.h">
      <Filter>Source Files\Headers</Filter>
    </ClInclude>
    <ClInclude Include="Headers\fftw3.h">
      <Filter>Source Files\Headers</Filter>
    </ClInclude>
    <ClInclude Include="Headers\stb_image_write.h">
      <Filter>Source Files\Headers</Filter>
    </ClInclude>
    <ClInclude Include="Headers\files.h">
      <Filter>Source Files\Headers</Filter>
    </ClInclude>
    <ClInclude Include="Headers\matrices.h">
      <Filter>Source Files\Headers</Filter>
    </ClInclude>
    <ClInclude Include="Headers\KNearestNeighbors.h">
      <Filter>Source Files\Headers</Filter>
    </ClInclude>
    <ClInclude Include="Headers\NaiveBayes.h">
      <Filter>Source Files\Headers</Filter>
    </ClInclude>
    <ClInclude Include="Headers\filesShaders.h">
      <Filter>Source Files\Headers</Filter>
    </ClInclude>
    <ClInclude Include="Headers\graphics.h">
      <Filter>Source Files\Headers</Filter>
    </ClInclude>
    <ClInclude Include="Headers\notation.h">
      <Filter>Source Files\Headers</Filter>
    </ClInclude>
    <ClInclude Include="Headers\tabs.h">
      <Filter>Source Files\Headers</Filter>
    </ClInclude>
    <ClInclude Include="MainProject.h">
      <Filter>Source Files</Filter>
    </ClInclude>
    <ClInclude Include="Headers\interface.h">
      <Filter>Source Files\Headers</Filter>
    </ClInclude>
    <ClInclude Include="Headers\texture.h">
      <Filter>Source Files\Headers</Filter>
    </ClInclude>
  </ItemGroup>
</Project>