
Microsoft Visual Studio Solution File, Format Version 12.00
# Visual Studio Version 16
VisualStudioVersion = 16.0.31005.135
MinimumVisualStudioVersion = 10.0.40219.1
Project("{8BC9CEB8-8B4A-11D0-8D11-00A0C91BC942}") = "Audio Samples to WAV File", "Audio Samples to WAV File\Audio Samples to WAV File.vcxproj", "{3F30ED8A-10CB-4034-A8A4-2734A6BA1259}"
EndProject
Global
	GlobalSection(SolutionConfigurationPlatforms) = preSolution
		Debug|x64 = Debug|x64
		Debug|x86 = Debug|x86
		Release|x64 = Release|x64
		Release|x86 = Release|x86
	EndGlobalSection
	GlobalSection(ProjectConfigurationPlatforms) = postSolution
		{3F30ED8A-10CB-4034-A8A4-2734A6BA1259}.Debug|x64.ActiveCfg = Debug|x64
		{3F30ED8A-10CB-4034-A8A4-2734A6BA1259}.Debug|x64.Build.0 = Debug|x64
		{3F30ED8A-10CB-4034-A8A4-2734A6BA1259}.Debug|x86.ActiveCfg = Debug|Win32
		{3F30ED8A-10CB-4034-A8A4-2734A6BA1259}.Debug|x86.Build.0 = Debug|Win32
		{3F30ED8A-10CB-4034-A8A4-2734A6BA1259}.Release|x64.ActiveCfg = Release|x64
		{3F30ED8A-10CB-4034-A8A4-2734A6BA1259}.Release|x64.Build.0 = Release|x64
		{3F30ED8A-10CB-4034-A8A4-2734A6BA1259}.Release|x86.ActiveCfg = Release|Win32
		{3F30ED8A-10CB-4034-A8A4-2734A6BA1259}.Release|x86.Build.0 = Release|Win32
	EndGlobalSection
	GlobalSection(SolutionProperties) = preSolution
		HideSolutionNode = FALSE
	EndGlobalSection
	GlobalSection(ExtensibilityGlobals) = postSolution
		SolutionGuid = {49F7CB67-8B83-40C1-846D-CC4D91921377}
	EndGlobalSection
EndGlobal
